
Microsoft Visual Studio Solution File, Format Version 12.00
# Visual Studio Version 17
VisualStudioVersion = 17.0.31903.59
MinimumVisualStudioVersion = 10.0.40219.1
Project("{2150E333-8FDC-42A3-9474-1A3956D46DE8}") = "src", "src", "{827E0CD3-B72D-47B6-A68D-7590B98EB39B}"
EndProject
Project("{FAE04EC0-301F-11D3-BF4B-00C04F79EFBC}") = "Gluey.Cli", "src\Gluey.Cli\Gluey.Cli.csproj", "{025332B4-63BB-4312-9AED-0C2357445B9C}"
EndProject
Project("{FAE04EC0-301F-11D3-BF4B-00C04F79EFBC}") = "Gluey.Core", "src\Gluey.Core\Gluey.Core.csproj", "{F8939CBC-9BF0-46A5-958E-064AFD3B0D53}"
EndProject
Project("{FAE04EC0-301F-11D3-BF4B-00C04F79EFBC}") = "Gluey.Parser", "src\Gluey.Parser\Gluey.Parser.csproj", "{E8E26214-34C1-4182-BE0F-D12263923CF9}"
EndProject
Project("{FAE04EC0-301F-11D3-BF4B-00C04F79EFBC}") = "Gluey.Runtime", "src\Gluey.Runtime\Gluey.Runtime.csproj", "{4FADA9CC-608D-4091-9064-1DE443B18953}"
EndProject
Project("{FAE04EC0-301F-11D3-BF4B-00C04F79EFBC}") = "Gluey.Plugins", "src\Gluey.Plugins\Gluey.Plugins.csproj", "{C7F79F71-13FE-4C06-8CA8-E7DCC4A4BC7E}"
EndProject
Project("{2150E333-8FDC-42A3-9474-1A3956D46DE8}") = "tests", "tests", "{0AB3BF05-4346-4AA6-1389-037BE0695223}"
EndProject
Project("{FAE04EC0-301F-11D3-BF4B-00C04F79EFBC}") = "Gluey.Parser.Tests", "tests\Gluey.Parser.Tests\Gluey.Parser.Tests.csproj", "{5B7DEB19-B68A-40CA-8023-9C950C5168CF}"
EndProject
Global
	GlobalSection(SolutionConfigurationPlatforms) = preSolution
		Debug|Any CPU = Debug|Any CPU
		Debug|x64 = Debug|x64
		Debug|x86 = Debug|x86
		Release|Any CPU = Release|Any CPU
		Release|x64 = Release|x64
		Release|x86 = Release|x86
	EndGlobalSection
	GlobalSection(ProjectConfigurationPlatforms) = postSolution
		{025332B4-63BB-4312-9AED-0C2357445B9C}.Debug|Any CPU.ActiveCfg = Debug|Any CPU
		{025332B4-63BB-4312-9AED-0C2357445B9C}.Debug|Any CPU.Build.0 = Debug|Any CPU
		{025332B4-63BB-4312-9AED-0C2357445B9C}.Debug|x64.ActiveCfg = Debug|Any CPU
		{025332B4-63BB-4312-9AED-0C2357445B9C}.Debug|x64.Build.0 = Debug|Any CPU
		{025332B4-63BB-4312-9AED-0C2357445B9C}.Debug|x86.ActiveCfg = Debug|Any CPU
		{025332B4-63BB-4312-9AED-0C2357445B9C}.Debug|x86.Build.0 = Debug|Any CPU
		{025332B4-63BB-4312-9AED-0C2357445B9C}.Release|Any CPU.ActiveCfg = Release|Any CPU
		{025332B4-63BB-4312-9AED-0C2357445B9C}.Release|Any CPU.Build.0 = Release|Any CPU
		{025332B4-63BB-4312-9AED-0C2357445B9C}.Release|x64.ActiveCfg = Release|Any CPU
		{025332B4-63BB-4312-9AED-0C2357445B9C}.Release|x64.Build.0 = Release|Any CPU
		{025332B4-63BB-4312-9AED-0C2357445B9C}.Release|x86.ActiveCfg = Release|Any CPU
		{025332B4-63BB-4312-9AED-0C2357445B9C}.Release|x86.Build.0 = Release|Any CPU
		{F8939CBC-9BF0-46A5-958E-064AFD3B0D53}.Debug|Any CPU.ActiveCfg = Debug|Any CPU
		{F8939CBC-9BF0-46A5-958E-064AFD3B0D53}.Debug|Any CPU.Build.0 = Debug|Any CPU
		{F8939CBC-9BF0-46A5-958E-064AFD3B0D53}.Debug|x64.ActiveCfg = Debug|Any CPU
		{F8939CBC-9BF0-46A5-958E-064AFD3B0D53}.Debug|x64.Build.0 = Debug|Any CPU
		{F8939CBC-9BF0-46A5-958E-064AFD3B0D53}.Debug|x86.ActiveCfg = Debug|Any CPU
		{F8939CBC-9BF0-46A5-958E-064AFD3B0D53}.Debug|x86.Build.0 = Debug|Any CPU
		{F8939CBC-9BF0-46A5-958E-064AFD3B0D53}.Release|Any CPU.ActiveCfg = Release|Any CPU
		{F8939CBC-9BF0-46A5-958E-064AFD3B0D53}.Release|Any CPU.Build.0 = Release|Any CPU
		{F8939CBC-9BF0-46A5-958E-064AFD3B0D53}.Release|x64.ActiveCfg = Release|Any CPU
		{F8939CBC-9BF0-46A5-958E-064AFD3B0D53}.Release|x64.Build.0 = Release|Any CPU
		{F8939CBC-9BF0-46A5-958E-064AFD3B0D53}.Release|x86.ActiveCfg = Release|Any CPU
		{F8939CBC-9BF0-46A5-958E-064AFD3B0D53}.Release|x86.Build.0 = Release|Any CPU
		{E8E26214-34C1-4182-BE0F-D12263923CF9}.Debug|Any CPU.ActiveCfg = Debug|Any CPU
		{E8E26214-34C1-4182-BE0F-D12263923CF9}.Debug|Any CPU.Build.0 = Debug|Any CPU
		{E8E26214-34C1-4182-BE0F-D12263923CF9}.Debug|x64.ActiveCfg = Debug|Any CPU
		{E8E26214-34C1-4182-BE0F-D12263923CF9}.Debug|x64.Build.0 = Debug|Any CPU
		{E8E26214-34C1-4182-BE0F-D12263923CF9}.Debug|x86.ActiveCfg = Debug|Any CPU
		{E8E26214-34C1-4182-BE0F-D12263923CF9}.Debug|x86.Build.0 = Debug|Any CPU
		{E8E26214-34C1-4182-BE0F-D12263923CF9}.Release|Any CPU.ActiveCfg = Release|Any CPU
		{E8E26214-34C1-4182-BE0F-D12263923CF9}.Release|Any CPU.Build.0 = Release|Any CPU
		{E8E26214-34C1-4182-BE0F-D12263923CF9}.Release|x64.ActiveCfg = Release|Any CPU
		{E8E26214-34C1-4182-BE0F-D12263923CF9}.Release|x64.Build.0 = Release|Any CPU
		{E8E26214-34C1-4182-BE0F-D12263923CF9}.Release|x86.ActiveCfg = Release|Any CPU
		{E8E26214-34C1-4182-BE0F-D12263923CF9}.Release|x86.Build.0 = Release|Any CPU
		{4FADA9CC-608D-4091-9064-1DE443B18953}.Debug|Any CPU.ActiveCfg = Debug|Any CPU
		{4FADA9CC-608D-4091-9064-1DE443B18953}.Debug|Any CPU.Build.0 = Debug|Any CPU
		{4FADA9CC-608D-4091-9064-1DE443B18953}.Debug|x64.ActiveCfg = Debug|Any CPU
		{4FADA9CC-608D-4091-9064-1DE443B18953}.Debug|x64.Build.0 = Debug|Any CPU
		{4FADA9CC-608D-4091-9064-1DE443B18953}.Debug|x86.ActiveCfg = Debug|Any CPU
		{4FADA9CC-608D-4091-9064-1DE443B18953}.Debug|x86.Build.0 = Debug|Any CPU
		{4FADA9CC-608D-4091-9064-1DE443B18953}.Release|Any CPU.ActiveCfg = Release|Any CPU
		{4FADA9CC-608D-4091-9064-1DE443B18953}.Release|Any CPU.Build.0 = Release|Any CPU
		{4FADA9CC-608D-4091-9064-1DE443B18953}.Release|x64.ActiveCfg = Release|Any CPU
		{4FADA9CC-608D-4091-9064-1DE443B18953}.Release|x64.Build.0 = Release|Any CPU
		{4FADA9CC-608D-4091-9064-1DE443B18953}.Release|x86.ActiveCfg = Release|Any CPU
		{4FADA9CC-608D-4091-9064-1DE443B18953}.Release|x86.Build.0 = Release|Any CPU
		{C7F79F71-13FE-4C06-8CA8-E7DCC4A4BC7E}.Debug|Any CPU.ActiveCfg = Debug|Any CPU
		{C7F79F71-13FE-4C06-8CA8-E7DCC4A4BC7E}.Debug|Any CPU.Build.0 = Debug|Any CPU
		{C7F79F71-13FE-4C06-8CA8-E7DCC4A4BC7E}.Debug|x64.ActiveCfg = Debug|Any CPU
		{C7F79F71-13FE-4C06-8CA8-E7DCC4A4BC7E}.Debug|x64.Build.0 = Debug|Any CPU
		{C7F79F71-13FE-4C06-8CA8-E7DCC4A4BC7E}.Debug|x86.ActiveCfg = Debug|Any CPU
		{C7F79F71-13FE-4C06-8CA8-E7DCC4A4BC7E}.Debug|x86.Build.0 = Debug|Any CPU
		{C7F79F71-13FE-4C06-8CA8-E7DCC4A4BC7E}.Release|Any CPU.ActiveCfg = Release|Any CPU
		{C7F79F71-13FE-4C06-8CA8-E7DCC4A4BC7E}.Release|Any CPU.Build.0 = Release|Any CPU
		{C7F79F71-13FE-4C06-8CA8-E7DCC4A4BC7E}.Release|x64.ActiveCfg = Release|Any CPU
		{C7F79F71-13FE-4C06-8CA8-E7DCC4A4BC7E}.Release|x64.Build.0 = Release|Any CPU
		{C7F79F71-13FE-4C06-8CA8-E7DCC4A4BC7E}.Release|x86.ActiveCfg = Release|Any CPU
		{C7F79F71-13FE-4C06-8CA8-E7DCC4A4BC7E}.Release|x86.Build.0 = Release|Any CPU
		{5B7DEB19-B68A-40CA-8023-9C950C5168CF}.Debug|Any CPU.ActiveCfg = Debug|Any CPU
		{5B7DEB19-B68A-40CA-8023-9C950C5168CF}.Debug|Any CPU.Build.0 = Debug|Any CPU
		{5B7DEB19-B68A-40CA-8023-9C950C5168CF}.Debug|x64.ActiveCfg = Debug|Any CPU
		{5B7DEB19-B68A-40CA-8023-9C950C5168CF}.Debug|x64.Build.0 = Debug|Any CPU
		{5B7DEB19-B68A-40CA-8023-9C950C5168CF}.Debug|x86.ActiveCfg = Debug|Any CPU
		{5B7DEB19-B68A-40CA-8023-9C950C5168CF}.Debug|x86.Build.0 = Debug|Any CPU
		{5B7DEB19-B68A-40CA-8023-9C950C5168CF}.Release|Any CPU.ActiveCfg = Release|Any CPU
		{5B7DEB19-B68A-40CA-8023-9C950C5168CF}.Release|Any CPU.Build.0 = Release|Any CPU
		{5B7DEB19-B68A-40CA-8023-9C950C5168CF}.Release|x64.ActiveCfg = Release|Any CPU
		{5B7DEB19-B68A-40CA-8023-9C950C5168CF}.Release|x64.Build.0 = Release|Any CPU
		{5B7DEB19-B68A-40CA-8023-9C950C5168CF}.Release|x86.ActiveCfg = Release|Any CPU
		{5B7DEB19-B68A-40CA-8023-9C950C5168CF}.Release|x86.Build.0 = Release|Any CPU
	EndGlobalSection
	GlobalSection(SolutionProperties) = preSolution
		HideSolutionNode = FALSE
	EndGlobalSection
	GlobalSection(NestedProjects) = preSolution
		{025332B4-63BB-4312-9AED-0C2357445B9C} = {827E0CD3-B72D-47B6-A68D-7590B98EB39B}
		{F8939CBC-9BF0-46A5-958E-064AFD3B0D53} = {827E0CD3-B72D-47B6-A68D-7590B98EB39B}
		{E8E26214-34C1-4182-BE0F-D12263923CF9} = {827E0CD3-B72D-47B6-A68D-7590B98EB39B}
		{4FADA9CC-608D-4091-9064-1DE443B18953} = {827E0CD3-B72D-47B6-A68D-7590B98EB39B}
		{C7F79F71-13FE-4C06-8CA8-E7DCC4A4BC7E} = {827E0CD3-B72D-47B6-A68D-7590B98EB39B}
		{5B7DEB19-B68A-40CA-8023-9C950C5168CF} = {0AB3BF05-4346-4AA6-1389-037BE0695223}
	EndGlobalSection
EndGlobal
